
Microsoft Visual Studio Solution File, Format Version 12.00
# Visual Studio Version 17
VisualStudioVersion = 17.14.36301.6 d17.14
MinimumVisualStudioVersion = 10.0.40219.1
Project("{FAE04EC0-301F-11D3-BF4B-00C04F79EFBC}") = "EventToInsta", "EventToInsta\EventToInsta.csproj", "{A358545C-0CA8-4D03-977B-49C298DDCD87}"
EndProject
Global
	GlobalSection(SolutionConfigurationPlatforms) = preSolution
		Debug|Any CPU = Debug|Any CPU
		Release|Any CPU = Release|Any CPU
	EndGlobalSection
	GlobalSection(ProjectConfigurationPlatforms) = postSolution
		{A358545C-0CA8-4D03-977B-49C298DDCD87}.Debug|Any CPU.ActiveCfg = Debug|Any CPU
		{A358545C-0CA8-4D03-977B-49C298DDCD87}.Debug|Any CPU.Build.0 = Debug|Any CPU
		{A358545C-0CA8-4D03-977B-49C298DDCD87}.Release|Any CPU.ActiveCfg = Release|Any CPU
		{A358545C-0CA8-4D03-977B-49C298DDCD87}.Release|Any CPU.Build.0 = Release|Any CPU
	EndGlobalSection
	GlobalSection(SolutionProperties) = preSolution
		HideSolutionNode = FALSE
	EndGlobalSection
	GlobalSection(ExtensibilityGlobals) = postSolution
		SolutionGuid = {34AC52AC-8D33-4248-AD9A-9783A8363947}
	EndGlobalSection
EndGlobal
